
Microsoft Visual Studio Solution File, Format Version 12.00
# Visual Studio 15
VisualStudioVersion = 15.0.27130.2027
MinimumVisualStudioVersion = 10.0.40219.1
Project("{2150E333-8FDC-42A3-9474-1A3956D46DE8}") = "Akka.Net", "Akka.Net", "{DA88433E-C14A-4038-BA2F-24BB4965D029}"
EndProject
Project("{2150E333-8FDC-42A3-9474-1A3956D46DE8}") = "Proto.Actor", "Proto.Actor", "{36A5B49E-AC73-4773-9594-923BEDC950CB}"
EndProject
Project("{2150E333-8FDC-42A3-9474-1A3956D46DE8}") = "Remote", "Remote", "{0050D980-848B-4BC4-9FB4-BFCFAB8D0E69}"
EndProject
Project("{2150E333-8FDC-42A3-9474-1A3956D46DE8}") = "Remote", "Remote", "{8E1CAAAB-B5E5-4168-8228-E9A7852C1B7B}"
EndProject
Project("{9A19103F-16F7-4668-BE54-9A1E7A4F7556}") = "Utils", "Utils\Utils.csproj", "{0C5A1C77-7480-4932-BB57-39F96E1A3E94}"
EndProject
Project("{2150E333-8FDC-42A3-9474-1A3956D46DE8}") = "Pi", "Pi", "{21EAF6C1-6A18-420F-A9FC-23A84EB2877A}"
EndProject
Project("{2150E333-8FDC-42A3-9474-1A3956D46DE8}") = "Pi", "Pi", "{2886A6EA-8B87-470F-B6C1-549C8916B368}"
EndProject
Project("{9A19103F-16F7-4668-BE54-9A1E7A4F7556}") = "Akka.Net.Pi.Actors", "Akka.Net\Pi\Akka.Net.Pi.Actors\Akka.Net.Pi.Actors.csproj", "{064B598E-A7C0-497A-91E3-6E177CE2944A}"
EndProject
Project("{9A19103F-16F7-4668-BE54-9A1E7A4F7556}") = "Akka.Net.Pi.Node1", "Akka.Net\Pi\Akka.Net.Pi.Node1\Akka.Net.Pi.Node1.csproj", "{D0F86FD5-1294-48D8-B533-569B45FBF291}"
EndProject
Project("{9A19103F-16F7-4668-BE54-9A1E7A4F7556}") = "Akka.Net.Pi.Node2", "Akka.Net\Pi\Akka.Net.Pi.Node2\Akka.Net.Pi.Node2.csproj", "{E2ECF3BA-6168-4095-B8F4-D6AF0AFE7305}"
EndProject
Project("{9A19103F-16F7-4668-BE54-9A1E7A4F7556}") = "Akka.Net.Pi.InProc", "Akka.Net\Pi\Akka.Net.Pi.InProc\Akka.Net.Pi.InProc.csproj", "{CA418BEF-6A10-4B2B-9581-7F4B20CCCEC6}"
EndProject
Project("{9A19103F-16F7-4668-BE54-9A1E7A4F7556}") = "Akka.Net.Remote.Node1", "Akka.Net\Remote\Akka.Net.Remote.Node1\Akka.Net.Remote.Node1.csproj", "{FD141AED-9C14-4BAF-B919-059686024D6A}"
EndProject
Project("{9A19103F-16F7-4668-BE54-9A1E7A4F7556}") = "Akka.Net.Remote.Node2", "Akka.Net\Remote\Akka.Net.Remote.Node2\Akka.Net.Remote.Node2.csproj", "{4A68C3F4-23EF-41B4-BF5A-E56DB27D6068}"
EndProject
Project("{9A19103F-16F7-4668-BE54-9A1E7A4F7556}") = "Akka.Net.Inproc", "Akka.Net\Akka.Net.Inproc\Akka.Net.Inproc.csproj", "{F2D1F8F2-4CA8-42DB-A573-7C1F16B6F72E}"
EndProject
Project("{9A19103F-16F7-4668-BE54-9A1E7A4F7556}") = "Akka.Net.PingPong", "Akka.Net\Akka.Net.PingPong\Akka.Net.PingPong.csproj", "{245FEF87-45A4-4166-8A76-78EB8F023FBF}"
EndProject
Project("{9A19103F-16F7-4668-BE54-9A1E7A4F7556}") = "Akka.Net.Skynet", "Akka.Net\Akka.Net.Skynet\Akka.Net.Skynet.csproj", "{CDBC9696-FD46-4887-9FCC-A4C2CB381FC0}"
EndProject
Project("{9A19103F-16F7-4668-BE54-9A1E7A4F7556}") = "ProtoActor.Pi.Actors", "Proto.Actor\Pi\ProtoActor.Pi.Actors\ProtoActor.Pi.Actors.csproj", "{2C6A476B-E5B8-43EB-85B4-E60EE49FFE24}"
EndProject
Project("{9A19103F-16F7-4668-BE54-9A1E7A4F7556}") = "ProtoActor.Pi.InProc", "Proto.Actor\Pi\ProtoActor.Pi.InProc\ProtoActor.Pi.InProc.csproj", "{97F4C137-B20A-421E-843D-F0E8ACC3CAE6}"
EndProject
Project("{9A19103F-16F7-4668-BE54-9A1E7A4F7556}") = "ProtoActor.Pi.Node1", "Proto.Actor\Pi\ProtoActor.Pi.Node1\ProtoActor.Pi.Node1.csproj", "{E16ECF0D-DB61-4A6A-B331-D4843DF9995A}"
EndProject
Project("{9A19103F-16F7-4668-BE54-9A1E7A4F7556}") = "ProtoActor.Pi.Node2", "Proto.Actor\Pi\ProtoActor.Pi.Node2\ProtoActor.Pi.Node2.csproj", "{2A0BB6AC-9445-44E4-A9EC-F46BFA331844}"
EndProject
Project("{9A19103F-16F7-4668-BE54-9A1E7A4F7556}") = "ProtoActor.Inproc", "Proto.Actor\ProtoActor.Inproc\ProtoActor.Inproc.csproj", "{33C76EC4-01D6-4D07-8B1D-8B7415D99AEB}"
EndProject
Project("{9A19103F-16F7-4668-BE54-9A1E7A4F7556}") = "ProtoActor.PingPong", "Proto.Actor\ProtoActor.PingPong\ProtoActor.PingPong.csproj", "{B514CC60-B7EE-4E63-8A4D-05D7F9D76420}"
EndProject
Project("{9A19103F-16F7-4668-BE54-9A1E7A4F7556}") = "ProtoActor.Skynet", "Proto.Actor\ProtoActor.Skynet\ProtoActor.Skynet.csproj", "{39B567C4-BAD5-4520-AA44-849D9F6DA5F6}"
EndProject
Project("{9A19103F-16F7-4668-BE54-9A1E7A4F7556}") = "ProtoActor.Remote.Node1", "Proto.Actor\Remote\ProtoActor.Remote.Node1\ProtoActor.Remote.Node1.csproj", "{3F243A9E-1A9A-4899-B2E3-0334D3B27F47}"
EndProject
Project("{9A19103F-16F7-4668-BE54-9A1E7A4F7556}") = "ProtoActor.Remote.Node2", "Proto.Actor\Remote\ProtoActor.Remote.Node2\ProtoActor.Remote.Node2.csproj", "{5D201DA0-A518-4CE8-8E82-762CBB2304A7}"
EndProject
Project("{2150E333-8FDC-42A3-9474-1A3956D46DE8}") = ".settings", ".settings", "{1FB574D9-3C16-4CDE-97B8-F61DD30F6F12}"
	ProjectSection(SolutionItems) = preProject
		.settings\benchmark-settings.json = .settings\benchmark-settings.json
	EndProjectSection
EndProject
Project("{FAE04EC0-301F-11D3-BF4B-00C04F79EFBC}") = "Messages", "Messages\Messages.csproj", "{BFA9EF75-A8FF-4E1A-BBFF-65D5FC4F7B38}"
EndProject
Global
	GlobalSection(SolutionConfigurationPlatforms) = preSolution
		Debug|Any CPU = Debug|Any CPU
		Release|Any CPU = Release|Any CPU
	EndGlobalSection
	GlobalSection(ProjectConfigurationPlatforms) = postSolution
		{0C5A1C77-7480-4932-BB57-39F96E1A3E94}.Debug|Any CPU.ActiveCfg = Debug|Any CPU
		{0C5A1C77-7480-4932-BB57-39F96E1A3E94}.Debug|Any CPU.Build.0 = Debug|Any CPU
		{0C5A1C77-7480-4932-BB57-39F96E1A3E94}.Release|Any CPU.ActiveCfg = Release|Any CPU
		{0C5A1C77-7480-4932-BB57-39F96E1A3E94}.Release|Any CPU.Build.0 = Release|Any CPU
		{064B598E-A7C0-497A-91E3-6E177CE2944A}.Debug|Any CPU.ActiveCfg = Debug|Any CPU
		{064B598E-A7C0-497A-91E3-6E177CE2944A}.Debug|Any CPU.Build.0 = Debug|Any CPU
		{064B598E-A7C0-497A-91E3-6E177CE2944A}.Release|Any CPU.ActiveCfg = Release|Any CPU
		{064B598E-A7C0-497A-91E3-6E177CE2944A}.Release|Any CPU.Build.0 = Release|Any CPU
		{D0F86FD5-1294-48D8-B533-569B45FBF291}.Debug|Any CPU.ActiveCfg = Debug|Any CPU
		{D0F86FD5-1294-48D8-B533-569B45FBF291}.Debug|Any CPU.Build.0 = Debug|Any CPU
		{D0F86FD5-1294-48D8-B533-569B45FBF291}.Release|Any CPU.ActiveCfg = Release|Any CPU
		{D0F86FD5-1294-48D8-B533-569B45FBF291}.Release|Any CPU.Build.0 = Release|Any CPU
		{E2ECF3BA-6168-4095-B8F4-D6AF0AFE7305}.Debug|Any CPU.ActiveCfg = Debug|Any CPU
		{E2ECF3BA-6168-4095-B8F4-D6AF0AFE7305}.Debug|Any CPU.Build.0 = Debug|Any CPU
		{E2ECF3BA-6168-4095-B8F4-D6AF0AFE7305}.Release|Any CPU.ActiveCfg = Release|Any CPU
		{E2ECF3BA-6168-4095-B8F4-D6AF0AFE7305}.Release|Any CPU.Build.0 = Release|Any CPU
		{CA418BEF-6A10-4B2B-9581-7F4B20CCCEC6}.Debug|Any CPU.ActiveCfg = Debug|Any CPU
		{CA418BEF-6A10-4B2B-9581-7F4B20CCCEC6}.Debug|Any CPU.Build.0 = Debug|Any CPU
		{CA418BEF-6A10-4B2B-9581-7F4B20CCCEC6}.Release|Any CPU.ActiveCfg = Release|Any CPU
		{CA418BEF-6A10-4B2B-9581-7F4B20CCCEC6}.Release|Any CPU.Build.0 = Release|Any CPU
		{FD141AED-9C14-4BAF-B919-059686024D6A}.Debug|Any CPU.ActiveCfg = Debug|Any CPU
		{FD141AED-9C14-4BAF-B919-059686024D6A}.Debug|Any CPU.Build.0 = Debug|Any CPU
		{FD141AED-9C14-4BAF-B919-059686024D6A}.Release|Any CPU.ActiveCfg = Release|Any CPU
		{FD141AED-9C14-4BAF-B919-059686024D6A}.Release|Any CPU.Build.0 = Release|Any CPU
		{4A68C3F4-23EF-41B4-BF5A-E56DB27D6068}.Debug|Any CPU.ActiveCfg = Debug|Any CPU
		{4A68C3F4-23EF-41B4-BF5A-E56DB27D6068}.Debug|Any CPU.Build.0 = Debug|Any CPU
		{4A68C3F4-23EF-41B4-BF5A-E56DB27D6068}.Release|Any CPU.ActiveCfg = Release|Any CPU
		{4A68C3F4-23EF-41B4-BF5A-E56DB27D6068}.Release|Any CPU.Build.0 = Release|Any CPU
		{F2D1F8F2-4CA8-42DB-A573-7C1F16B6F72E}.Debug|Any CPU.ActiveCfg = Debug|Any CPU
		{F2D1F8F2-4CA8-42DB-A573-7C1F16B6F72E}.Debug|Any CPU.Build.0 = Debug|Any CPU
		{F2D1F8F2-4CA8-42DB-A573-7C1F16B6F72E}.Release|Any CPU.ActiveCfg = Release|Any CPU
		{F2D1F8F2-4CA8-42DB-A573-7C1F16B6F72E}.Release|Any CPU.Build.0 = Release|Any CPU
		{245FEF87-45A4-4166-8A76-78EB8F023FBF}.Debug|Any CPU.ActiveCfg = Debug|Any CPU
		{245FEF87-45A4-4166-8A76-78EB8F023FBF}.Debug|Any CPU.Build.0 = Debug|Any CPU
		{245FEF87-45A4-4166-8A76-78EB8F023FBF}.Release|Any CPU.ActiveCfg = Release|Any CPU
		{245FEF87-45A4-4166-8A76-78EB8F023FBF}.Release|Any CPU.Build.0 = Release|Any CPU
		{CDBC9696-FD46-4887-9FCC-A4C2CB381FC0}.Debug|Any CPU.ActiveCfg = Debug|Any CPU
		{CDBC9696-FD46-4887-9FCC-A4C2CB381FC0}.Debug|Any CPU.Build.0 = Debug|Any CPU
		{CDBC9696-FD46-4887-9FCC-A4C2CB381FC0}.Release|Any CPU.ActiveCfg = Release|Any CPU
		{CDBC9696-FD46-4887-9FCC-A4C2CB381FC0}.Release|Any CPU.Build.0 = Release|Any CPU
		{2C6A476B-E5B8-43EB-85B4-E60EE49FFE24}.Debug|Any CPU.ActiveCfg = Debug|Any CPU
		{2C6A476B-E5B8-43EB-85B4-E60EE49FFE24}.Debug|Any CPU.Build.0 = Debug|Any CPU
		{2C6A476B-E5B8-43EB-85B4-E60EE49FFE24}.Release|Any CPU.ActiveCfg = Release|Any CPU
		{2C6A476B-E5B8-43EB-85B4-E60EE49FFE24}.Release|Any CPU.Build.0 = Release|Any CPU
		{97F4C137-B20A-421E-843D-F0E8ACC3CAE6}.Debug|Any CPU.ActiveCfg = Debug|Any CPU
		{97F4C137-B20A-421E-843D-F0E8ACC3CAE6}.Debug|Any CPU.Build.0 = Debug|Any CPU
		{97F4C137-B20A-421E-843D-F0E8ACC3CAE6}.Release|Any CPU.ActiveCfg = Release|Any CPU
		{97F4C137-B20A-421E-843D-F0E8ACC3CAE6}.Release|Any CPU.Build.0 = Release|Any CPU
		{E16ECF0D-DB61-4A6A-B331-D4843DF9995A}.Debug|Any CPU.ActiveCfg = Debug|Any CPU
		{E16ECF0D-DB61-4A6A-B331-D4843DF9995A}.Debug|Any CPU.Build.0 = Debug|Any CPU
		{E16ECF0D-DB61-4A6A-B331-D4843DF9995A}.Release|Any CPU.ActiveCfg = Release|Any CPU
		{E16ECF0D-DB61-4A6A-B331-D4843DF9995A}.Release|Any CPU.Build.0 = Release|Any CPU
		{2A0BB6AC-9445-44E4-A9EC-F46BFA331844}.Debug|Any CPU.ActiveCfg = Debug|Any CPU
		{2A0BB6AC-9445-44E4-A9EC-F46BFA331844}.Debug|Any CPU.Build.0 = Debug|Any CPU
		{2A0BB6AC-9445-44E4-A9EC-F46BFA331844}.Release|Any CPU.ActiveCfg = Release|Any CPU
		{2A0BB6AC-9445-44E4-A9EC-F46BFA331844}.Release|Any CPU.Build.0 = Release|Any CPU
		{33C76EC4-01D6-4D07-8B1D-8B7415D99AEB}.Debug|Any CPU.ActiveCfg = Debug|Any CPU
		{33C76EC4-01D6-4D07-8B1D-8B7415D99AEB}.Debug|Any CPU.Build.0 = Debug|Any CPU
		{33C76EC4-01D6-4D07-8B1D-8B7415D99AEB}.Release|Any CPU.ActiveCfg = Release|Any CPU
		{33C76EC4-01D6-4D07-8B1D-8B7415D99AEB}.Release|Any CPU.Build.0 = Release|Any CPU
		{B514CC60-B7EE-4E63-8A4D-05D7F9D76420}.Debug|Any CPU.ActiveCfg = Debug|Any CPU
		{B514CC60-B7EE-4E63-8A4D-05D7F9D76420}.Debug|Any CPU.Build.0 = Debug|Any CPU
		{B514CC60-B7EE-4E63-8A4D-05D7F9D76420}.Release|Any CPU.ActiveCfg = Release|Any CPU
		{B514CC60-B7EE-4E63-8A4D-05D7F9D76420}.Release|Any CPU.Build.0 = Release|Any CPU
		{39B567C4-BAD5-4520-AA44-849D9F6DA5F6}.Debug|Any CPU.ActiveCfg = Debug|Any CPU
		{39B567C4-BAD5-4520-AA44-849D9F6DA5F6}.Debug|Any CPU.Build.0 = Debug|Any CPU
		{39B567C4-BAD5-4520-AA44-849D9F6DA5F6}.Release|Any CPU.ActiveCfg = Release|Any CPU
		{39B567C4-BAD5-4520-AA44-849D9F6DA5F6}.Release|Any CPU.Build.0 = Release|Any CPU
		{3F243A9E-1A9A-4899-B2E3-0334D3B27F47}.Debug|Any CPU.ActiveCfg = Debug|Any CPU
		{3F243A9E-1A9A-4899-B2E3-0334D3B27F47}.Debug|Any CPU.Build.0 = Debug|Any CPU
		{3F243A9E-1A9A-4899-B2E3-0334D3B27F47}.Release|Any CPU.ActiveCfg = Release|Any CPU
		{3F243A9E-1A9A-4899-B2E3-0334D3B27F47}.Release|Any CPU.Build.0 = Release|Any CPU
		{5D201DA0-A518-4CE8-8E82-762CBB2304A7}.Debug|Any CPU.ActiveCfg = Debug|Any CPU
		{5D201DA0-A518-4CE8-8E82-762CBB2304A7}.Debug|Any CPU.Build.0 = Debug|Any CPU
		{5D201DA0-A518-4CE8-8E82-762CBB2304A7}.Release|Any CPU.ActiveCfg = Release|Any CPU
		{5D201DA0-A518-4CE8-8E82-762CBB2304A7}.Release|Any CPU.Build.0 = Release|Any CPU
		{BFA9EF75-A8FF-4E1A-BBFF-65D5FC4F7B38}.Debug|Any CPU.ActiveCfg = Debug|Any CPU
		{BFA9EF75-A8FF-4E1A-BBFF-65D5FC4F7B38}.Debug|Any CPU.Build.0 = Debug|Any CPU
		{BFA9EF75-A8FF-4E1A-BBFF-65D5FC4F7B38}.Release|Any CPU.ActiveCfg = Release|Any CPU
		{BFA9EF75-A8FF-4E1A-BBFF-65D5FC4F7B38}.Release|Any CPU.Build.0 = Release|Any CPU
	EndGlobalSection
	GlobalSection(SolutionProperties) = preSolution
		HideSolutionNode = FALSE
	EndGlobalSection
	GlobalSection(NestedProjects) = preSolution
		{0050D980-848B-4BC4-9FB4-BFCFAB8D0E69} = {36A5B49E-AC73-4773-9594-923BEDC950CB}
		{8E1CAAAB-B5E5-4168-8228-E9A7852C1B7B} = {DA88433E-C14A-4038-BA2F-24BB4965D029}
		{21EAF6C1-6A18-420F-A9FC-23A84EB2877A} = {36A5B49E-AC73-4773-9594-923BEDC950CB}
		{2886A6EA-8B87-470F-B6C1-549C8916B368} = {DA88433E-C14A-4038-BA2F-24BB4965D029}
		{064B598E-A7C0-497A-91E3-6E177CE2944A} = {2886A6EA-8B87-470F-B6C1-549C8916B368}
		{D0F86FD5-1294-48D8-B533-569B45FBF291} = {2886A6EA-8B87-470F-B6C1-549C8916B368}
		{E2ECF3BA-6168-4095-B8F4-D6AF0AFE7305} = {2886A6EA-8B87-470F-B6C1-549C8916B368}
		{CA418BEF-6A10-4B2B-9581-7F4B20CCCEC6} = {2886A6EA-8B87-470F-B6C1-549C8916B368}
		{FD141AED-9C14-4BAF-B919-059686024D6A} = {8E1CAAAB-B5E5-4168-8228-E9A7852C1B7B}
		{4A68C3F4-23EF-41B4-BF5A-E56DB27D6068} = {8E1CAAAB-B5E5-4168-8228-E9A7852C1B7B}
		{F2D1F8F2-4CA8-42DB-A573-7C1F16B6F72E} = {DA88433E-C14A-4038-BA2F-24BB4965D029}
		{245FEF87-45A4-4166-8A76-78EB8F023FBF} = {DA88433E-C14A-4038-BA2F-24BB4965D029}
		{CDBC9696-FD46-4887-9FCC-A4C2CB381FC0} = {DA88433E-C14A-4038-BA2F-24BB4965D029}
		{2C6A476B-E5B8-43EB-85B4-E60EE49FFE24} = {21EAF6C1-6A18-420F-A9FC-23A84EB2877A}
		{97F4C137-B20A-421E-843D-F0E8ACC3CAE6} = {21EAF6C1-6A18-420F-A9FC-23A84EB2877A}
		{E16ECF0D-DB61-4A6A-B331-D4843DF9995A} = {21EAF6C1-6A18-420F-A9FC-23A84EB2877A}
		{2A0BB6AC-9445-44E4-A9EC-F46BFA331844} = {21EAF6C1-6A18-420F-A9FC-23A84EB2877A}
		{33C76EC4-01D6-4D07-8B1D-8B7415D99AEB} = {36A5B49E-AC73-4773-9594-923BEDC950CB}
		{B514CC60-B7EE-4E63-8A4D-05D7F9D76420} = {36A5B49E-AC73-4773-9594-923BEDC950CB}
		{39B567C4-BAD5-4520-AA44-849D9F6DA5F6} = {36A5B49E-AC73-4773-9594-923BEDC950CB}
		{3F243A9E-1A9A-4899-B2E3-0334D3B27F47} = {0050D980-848B-4BC4-9FB4-BFCFAB8D0E69}
		{5D201DA0-A518-4CE8-8E82-762CBB2304A7} = {0050D980-848B-4BC4-9FB4-BFCFAB8D0E69}
	EndGlobalSection
	GlobalSection(ExtensibilityGlobals) = postSolution
		SolutionGuid = {7AE288E6-12A4-4314-93FF-43E96F80B773}
	EndGlobalSection
EndGlobal
